
Microsoft Visual Studio Solution File, Format Version 12.00
# Visual Studio 15
Project("{FAE04EC0-301F-11D3-BF4B-00C04F79EFBC}") = "CarSales.Android", "CarSales.Android\CarSales.Android.csproj", "{10D62DAA-2D8F-4378-9856-A97A0D88FB69}"
EndProject
Project("{FAE04EC0-301F-11D3-BF4B-00C04F79EFBC}") = "CarSales.iOS", "CarSales.iOS\CarSales.iOS.csproj", "{9C269656-4A0C-4521-8E0F-FECC12C1340E}"
EndProject
Project("{FAE04EC0-301F-11D3-BF4B-00C04F79EFBC}") = "CarSales", "CarSales\CarSales.csproj", "{B80DC0ED-C7AE-4B7E-A59A-0D1D30900128}"
EndProject
Global
	GlobalSection(SolutionConfigurationPlatforms) = preSolution
		Debug|Any CPU = Debug|Any CPU
		Release|Any CPU = Release|Any CPU
		Debug|iPhoneSimulator = Debug|iPhoneSimulator
		Release|iPhoneSimulator = Release|iPhoneSimulator
		Debug|iPhone = Debug|iPhone
		Release|iPhone = Release|iPhone
	EndGlobalSection
	GlobalSection(ProjectConfigurationPlatforms) = postSolution
		{10D62DAA-2D8F-4378-9856-A97A0D88FB69}.Debug|Any CPU.ActiveCfg = Debug|Any CPU
		{10D62DAA-2D8F-4378-9856-A97A0D88FB69}.Debug|Any CPU.Build.0 = Debug|Any CPU
		{10D62DAA-2D8F-4378-9856-A97A0D88FB69}.Release|Any CPU.ActiveCfg = Release|Any CPU
		{10D62DAA-2D8F-4378-9856-A97A0D88FB69}.Release|Any CPU.Build.0 = Release|Any CPU
		{10D62DAA-2D8F-4378-9856-A97A0D88FB69}.Debug|iPhoneSimulator.ActiveCfg = Debug|Any CPU
		{10D62DAA-2D8F-4378-9856-A97A0D88FB69}.Debug|iPhoneSimulator.Build.0 = Debug|Any CPU
		{10D62DAA-2D8F-4378-9856-A97A0D88FB69}.Release|iPhoneSimulator.ActiveCfg = Release|Any CPU
		{10D62DAA-2D8F-4378-9856-A97A0D88FB69}.Release|iPhoneSimulator.Build.0 = Release|Any CPU
		{10D62DAA-2D8F-4378-9856-A97A0D88FB69}.Debug|iPhone.ActiveCfg = Debug|Any CPU
		{10D62DAA-2D8F-4378-9856-A97A0D88FB69}.Debug|iPhone.Build.0 = Debug|Any CPU
		{10D62DAA-2D8F-4378-9856-A97A0D88FB69}.Release|iPhone.ActiveCfg = Release|Any CPU
		{10D62DAA-2D8F-4378-9856-A97A0D88FB69}.Release|iPhone.Build.0 = Release|Any CPU
		{9C269656-4A0C-4521-8E0F-FECC12C1340E}.Debug|Any CPU.ActiveCfg = Debug|iPhoneSimulator
		{9C269656-4A0C-4521-8E0F-FECC12C1340E}.Debug|Any CPU.Build.0 = Debug|iPhoneSimulator
		{9C269656-4A0C-4521-8E0F-FECC12C1340E}.Release|Any CPU.ActiveCfg = Release|iPhoneSimulator
		{9C269656-4A0C-4521-8E0F-FECC12C1340E}.Release|Any CPU.Build.0 = Release|iPhoneSimulator
		{9C269656-4A0C-4521-8E0F-FECC12C1340E}.Debug|iPhoneSimulator.ActiveCfg = Debug|iPhoneSimulator
		{9C269656-4A0C-4521-8E0F-FECC12C1340E}.Debug|iPhoneSimulator.Build.0 = Debug|iPhoneSimulator
		{9C269656-4A0C-4521-8E0F-FECC12C1340E}.Release|iPhoneSimulator.ActiveCfg = Release|iPhoneSimulator
		{9C269656-4A0C-4521-8E0F-FECC12C1340E}.Release|iPhoneSimulator.Build.0 = Release|iPhoneSimulator
		{9C269656-4A0C-4521-8E0F-FECC12C1340E}.Debug|iPhone.ActiveCfg = Debug|iPhone
		{9C269656-4A0C-4521-8E0F-FECC12C1340E}.Debug|iPhone.Build.0 = Debug|iPhone
		{9C269656-4A0C-4521-8E0F-FECC12C1340E}.Release|iPhone.ActiveCfg = Release|iPhone
		{9C269656-4A0C-4521-8E0F-FECC12C1340E}.Release|iPhone.Build.0 = Release|iPhone
		{B80DC0ED-C7AE-4B7E-A59A-0D1D30900128}.Debug|Any CPU.ActiveCfg = Debug|Any CPU
		{B80DC0ED-C7AE-4B7E-A59A-0D1D30900128}.Debug|Any CPU.Build.0 = Debug|Any CPU
		{B80DC0ED-C7AE-4B7E-A59A-0D1D30900128}.Release|Any CPU.ActiveCfg = Release|Any CPU
		{B80DC0ED-C7AE-4B7E-A59A-0D1D30900128}.Release|Any CPU.Build.0 = Release|Any CPU
		{B80DC0ED-C7AE-4B7E-A59A-0D1D30900128}.Debug|iPhoneSimulator.ActiveCfg = Debug|Any CPU
		{B80DC0ED-C7AE-4B7E-A59A-0D1D30900128}.Debug|iPhoneSimulator.Build.0 = Debug|Any CPU
		{B80DC0ED-C7AE-4B7E-A59A-0D1D30900128}.Release|iPhoneSimulator.ActiveCfg = Release|Any CPU
		{B80DC0ED-C7AE-4B7E-A59A-0D1D30900128}.Release|iPhoneSimulator.Build.0 = Release|Any CPU
		{B80DC0ED-C7AE-4B7E-A59A-0D1D30900128}.Debug|iPhone.ActiveCfg = Debug|Any CPU
		{B80DC0ED-C7AE-4B7E-A59A-0D1D30900128}.Debug|iPhone.Build.0 = Debug|Any CPU
		{B80DC0ED-C7AE-4B7E-A59A-0D1D30900128}.Release|iPhone.ActiveCfg = Release|Any CPU
		{B80DC0ED-C7AE-4B7E-A59A-0D1D30900128}.Release|iPhone.Build.0 = Release|Any CPU
	EndGlobalSection
EndGlobal
